
Microsoft Visual Studio Solution File, Format Version 12.00
# Visual Studio Version 16
VisualStudioVersion = 16.0.29920.165
MinimumVisualStudioVersion = 10.0.40219.1
Project("{FAE04EC0-301F-11D3-BF4B-00C04F79EFBC}") = "LoginFunctionality", "LoginFunctionality\LoginFunctionality.csproj", "{C8084A16-56AC-4F60-ADCC-A8EFB9D90D78}"
EndProject
Global
	GlobalSection(SolutionConfigurationPlatforms) = preSolution
		Debug|Any CPU = Debug|Any CPU
		Release|Any CPU = Release|Any CPU
	EndGlobalSection
	GlobalSection(ProjectConfigurationPlatforms) = postSolution
		{C8084A16-56AC-4F60-ADCC-A8EFB9D90D78}.Debug|Any CPU.ActiveCfg = Debug|Any CPU
		{C8084A16-56AC-4F60-ADCC-A8EFB9D90D78}.Debug|Any CPU.Build.0 = Debug|Any CPU
		{C8084A16-56AC-4F60-ADCC-A8EFB9D90D78}.Release|Any CPU.ActiveCfg = Release|Any CPU
		{C8084A16-56AC-4F60-ADCC-A8EFB9D90D78}.Release|Any CPU.Build.0 = Release|Any CPU
	EndGlobalSection
	GlobalSection(SolutionProperties) = preSolution
		HideSolutionNode = FALSE
	EndGlobalSection
	GlobalSection(ExtensibilityGlobals) = postSolution
		SolutionGuid = {BE52AF99-D14F-4505-A284-ED2393E0CA39}
	EndGlobalSection
EndGlobal
